// !$*UTF8*$!
{
	archiveVersion = 1;
	classes = {
	};
	objectVersion = 46;
	objects = {

/* Begin PBXBuildFile section */
		9D77D16320DE658E00E0F3AC /* SearchTests.cpp in Sources */ = {isa = PBXBuildFile; fileRef = 9D77D16220DE658E00E0F3AC /* SearchTests.cpp */; };
		9D77D16C20DE77F500E0F3AC /* Search.cpp in Sources */ = {isa = PBXBuildFile; fileRef = 9D77D16B20DE77F500E0F3AC /* Search.cpp */; };
		9D77D16F20DE78AE00E0F3AC /* MyMatrix.cpp in Sources */ = {isa = PBXBuildFile; fileRef = 9D77D16E20DE78AE00E0F3AC /* MyMatrix.cpp */; };
/* End PBXBuildFile section */

/* Begin PBXCopyFilesBuildPhase section */
		9D77D15D20DE658E00E0F3AC /* CopyFiles */ = {
			isa = PBXCopyFilesBuildPhase;
			buildActionMask = 2147483647;
			dstPath = /usr/share/man/man1/;
			dstSubfolderSpec = 0;
			files = (
			);
			runOnlyForDeploymentPostprocessing = 1;
		};
/* End PBXCopyFilesBuildPhase section */

/* Begin PBXFileReference section */
		9D77D15F20DE658E00E0F3AC /* SearchTests */ = {isa = PBXFileReference; explicitFileType = "compiled.mach-o.executable"; includeInIndex = 0; path = SearchTests; sourceTree = BUILT_PRODUCTS_DIR; };
		9D77D16220DE658E00E0F3AC /* SearchTests.cpp */ = {isa = PBXFileReference; lastKnownFileType = sourcecode.cpp.cpp; path = SearchTests.cpp; sourceTree = "<group>"; };
		9D77D16920DE65C300E0F3AC /* catch.h */ = {isa = PBXFileReference; fileEncoding = 4; lastKnownFileType = sourcecode.c.h; name = catch.h; path = ../../inc/catch.h; sourceTree = "<group>"; };
		9D77D16A20DE77E500E0F3AC /* Search.h */ = {isa = PBXFileReference; fileEncoding = 4; lastKnownFileType = sourcecode.c.h; name = Search.h; path = ../../inc/Search.h; sourceTree = "<group>"; };
		9D77D16B20DE77F500E0F3AC /* Search.cpp */ = {isa = PBXFileReference; fileEncoding = 4; lastKnownFileType = sourcecode.cpp.cpp; name = Search.cpp; path = ../../shared/Search.cpp; sourceTree = "<group>"; };
		9D77D16D20DE789F00E0F3AC /* MyMatrix.h */ = {isa = PBXFileReference; fileEncoding = 4; lastKnownFileType = sourcecode.c.h; name = MyMatrix.h; path = ../../inc/MyMatrix.h; sourceTree = "<group>"; };
		9D77D16E20DE78AE00E0F3AC /* MyMatrix.cpp */ = {isa = PBXFileReference; fileEncoding = 4; lastKnownFileType = sourcecode.cpp.cpp; name = MyMatrix.cpp; path = ../../shared/MyMatrix.cpp; sourceTree = "<group>"; };
/* End PBXFileReference section */

/* Begin PBXFrameworksBuildPhase section */
		9D77D15C20DE658E00E0F3AC /* Frameworks */ = {
			isa = PBXFrameworksBuildPhase;
			buildActionMask = 2147483647;
			files = (
			);
			runOnlyForDeploymentPostprocessing = 0;
		};
/* End PBXFrameworksBuildPhase section */

/* Begin PBXGroup section */
		9D77D15620DE658D00E0F3AC = {
			isa = PBXGroup;
			children = (
				9D77D16120DE658E00E0F3AC /* SearchTests */,
				9D77D16020DE658E00E0F3AC /* Products */,
			);
			sourceTree = "<group>";
		};
		9D77D16020DE658E00E0F3AC /* Products */ = {
			isa = PBXGroup;
			children = (
				9D77D15F20DE658E00E0F3AC /* SearchTests */,
			);
			name = Products;
			sourceTree = "<group>";
		};
		9D77D16120DE658E00E0F3AC /* SearchTests */ = {
			isa = PBXGroup;
			children = (
				9D77D16E20DE78AE00E0F3AC /* MyMatrix.cpp */,
				9D77D16D20DE789F00E0F3AC /* MyMatrix.h */,
				9D77D16B20DE77F500E0F3AC /* Search.cpp */,
				9D77D16A20DE77E500E0F3AC /* Search.h */,
				9D77D16920DE65C300E0F3AC /* catch.h */,
				9D77D16220DE658E00E0F3AC /* SearchTests.cpp */,
			);
			path = SearchTests;
			sourceTree = "<group>";
		};
/* End PBXGroup section */

/* Begin PBXNativeTarget section */
		9D77D15E20DE658E00E0F3AC /* SearchTests */ = {
			isa = PBXNativeTarget;
			buildConfigurationList = 9D77D16620DE658E00E0F3AC /* Build configuration list for PBXNativeTarget "SearchTests" */;
			buildPhases = (
				9D77D15B20DE658E00E0F3AC /* Sources */,
				9D77D15C20DE658E00E0F3AC /* Frameworks */,
				9D77D15D20DE658E00E0F3AC /* CopyFiles */,
			);
			buildRules = (
			);
			dependencies = (
			);
			name = SearchTests;
			productName = SearchTests;
			productReference = 9D77D15F20DE658E00E0F3AC /* SearchTests */;
			productType = "com.apple.product-type.tool";
		};
/* End PBXNativeTarget section */

/* Begin PBXProject section */
		9D77D15720DE658D00E0F3AC /* Project object */ = {
			isa = PBXProject;
			attributes = {
				LastUpgradeCheck = 0830;
				ORGANIZATIONNAME = "Bertrand Lee";
				TargetAttributes = {
					9D77D15E20DE658E00E0F3AC = {
						CreatedOnToolsVersion = 8.3.3;
						ProvisioningStyle = Automatic;
					};
				};
			};
			buildConfigurationList = 9D77D15A20DE658D00E0F3AC /* Build configuration list for PBXProject "SearchTests" */;
			compatibilityVersion = "Xcode 3.2";
			developmentRegion = English;
			hasScannedForEncodings = 0;
			knownRegions = (
				en,
			);
			mainGroup = 9D77D15620DE658D00E0F3AC;
			productRefGroup = 9D77D16020DE658E00E0F3AC /* Products */;
			projectDirPath = "";
			projectRoot = "";
			targets = (
				9D77D15E20DE658E00E0F3AC /* SearchTests */,
			);
		};
/* End PBXProject section */

/* Begin PBXSourcesBuildPhase section */
		9D77D15B20DE658E00E0F3AC /* Sources */ = {
			isa = PBXSourcesBuildPhase;
			buildActionMask = 2147483647;
			files = (
				9D77D16F20DE78AE00E0F3AC /* MyMatrix.cpp in Sources */,
				9D77D16320DE658E00E0F3AC /* SearchTests.cpp in Sources */,
				9D77D16C20DE77F500E0F3AC /* Search.cpp in Sources */,
			);
			runOnlyForDeploymentPostprocessing = 0;
		};
/* End PBXSourcesBuildPhase section */

/* Begin XCBuildConfiguration section */
		9D77D16420DE658E00E0F3AC /* Debug */ = {
			isa = XCBuildConfiguration;
			buildSettings = {
				ALWAYS_SEARCH_USER_PATHS = NO;
				CLANG_ANALYZER_NONNULL = YES;
				CLANG_ANALYZER_NUMBER_OBJECT_CONVERSION = YES_AGGRESSIVE;
				CLANG_CXX_LANGUAGE_STANDARD = "gnu++0x";
				CLANG_CXX_LIBRARY = "libc++";
				CLANG_ENABLE_MODULES = YES;
				CLANG_ENABLE_OBJC_ARC = YES;
				CLANG_WARN_BOOL_CONVERSION = YES;
				CLANG_WARN_CONSTANT_CONVERSION = YES;
				CLANG_WARN_DIRECT_OBJC_ISA_USAGE = YES_ERROR;
				CLANG_WARN_DOCUMENTATION_COMMENTS = YES;
				CLANG_WARN_EMPTY_BODY = YES;
				CLANG_WARN_ENUM_CONVERSION = YES;
				CLANG_WARN_INFINITE_RECURSION = YES;
				CLANG_WARN_INT_CONVERSION = YES;
				CLANG_WARN_OBJC_ROOT_CLASS = YES_ERROR;
				CLANG_WARN_SUSPICIOUS_MOVE = YES;
				CLANG_WARN_UNREACHABLE_CODE = YES;
				CLANG_WARN__DUPLICATE_METHOD_MATCH = YES;
				CODE_SIGN_IDENTITY = "-";
				COPY_PHASE_STRIP = NO;
				DEBUG_INFORMATION_FORMAT = dwarf;
				ENABLE_STRICT_OBJC_MSGSEND = YES;
				ENABLE_TESTABILITY = YES;
				GCC_C_LANGUAGE_STANDARD = gnu99;
				GCC_DYNAMIC_NO_PIC = NO;
				GCC_NO_COMMON_BLOCKS = YES;
				GCC_OPTIMIZATION_LEVEL = 0;
				GCC_PREPROCESSOR_DEFINITIONS = (
					"DEBUG=1",
					"$(inherited)",
				);
				GCC_WARN_64_TO_32_BIT_CONVERSION = YES;
				GCC_WARN_ABOUT_RETURN_TYPE = YES_ERROR;
				GCC_WARN_UNDECLARED_SELECTOR = YES;
				GCC_WARN_UNINITIALIZED_AUTOS = YES_AGGRESSIVE;
				GCC_WARN_UNUSED_FUNCTION = YES;
				GCC_WARN_UNUSED_VARIABLE = YES;
				MACOSX_DEPLOYMENT_TARGET = 10.12;
				MTL_ENABLE_DEBUG_INFO = YES;
				ONLY_ACTIVE_ARCH = YES;
				SDKROOT = macosx;
			};
			name = Debug;
		};
		9D77D16520DE658E00E0F3AC /* Release */ = {
			isa = XCBuildConfiguration;
			buildSettings = {
				ALWAYS_SEARCH_USER_PATHS = NO;
				CLANG_ANALYZER_NONNULL = YES;
				CLANG_ANALYZER_NUMBER_OBJECT_CONVERSION = YES_AGGRESSIVE;
				CLANG_CXX_LANGUAGE_STANDARD = "gnu++0x";
				CLANG_CXX_LIBRARY = "libc++";
				CLANG_ENABLE_MODULES = YES;
				CLANG_ENABLE_OBJC_ARC = YES;
				CLANG_WARN_BOOL_CONVERSION = YES;
				CLANG_WARN_CONSTANT_CONVERSION = YES;
				CLANG_WARN_DIRECT_OBJC_ISA_USAGE = YES_ERROR;
				CLANG_WARN_DOCUMENTATION_COMMENTS = YES;
				CLANG_WARN_EMPTY_BODY = YES;
				CLANG_WARN_ENUM_CONVERSION = YES;
				CLANG_WARN_INFINITE_RECURSION = YES;
				CLANG_WARN_INT_CONVERSION = YES;
				CLANG_WARN_OBJC_ROOT_CLASS = YES_ERROR;
				CLANG_WARN_SUSPICIOUS_MOVE = YES;
				CLANG_WARN_UNREACHABLE_CODE = YES;
				CLANG_WARN__DUPLICATE_METHOD_MATCH = YES;
				CODE_SIGN_IDENTITY = "-";
				COPY_PHASE_STRIP = NO;
				DEBUG_INFORMATION_FORMAT = "dwarf-with-dsym";
				ENABLE_NS_ASSERTIONS = NO;
				ENABLE_STRICT_OBJC_MSGSEND = YES;
				GCC_C_LANGUAGE_STANDARD = gnu99;
				GCC_NO_COMMON_BLOCKS = YES;
				GCC_WARN_64_TO_32_BIT_CONVERSION = YES;
				GCC_WARN_ABOUT_RETURN_TYPE = YES_ERROR;
				GCC_WARN_UNDECLARED_SELECTOR = YES;
				GCC_WARN_UNINITIALIZED_AUTOS = YES_AGGRESSIVE;
				GCC_WARN_UNUSED_FUNCTION = YES;
				GCC_WARN_UNUSED_VARIABLE = YES;
				MACOSX_DEPLOYMENT_TARGET = 10.12;
				MTL_ENABLE_DEBUG_INFO = NO;
				SDKROOT = macosx;
			};
			name = Release;
		};
		9D77D16720DE658E00E0F3AC /* Debug */ = {
			isa = XCBuildConfiguration;
			buildSettings = {
				PRODUCT_NAME = "$(TARGET_NAME)";
			};
			name = Debug;
		};
		9D77D16820DE658E00E0F3AC /* Release */ = {
			isa = XCBuildConfiguration;
			buildSettings = {
				PRODUCT_NAME = "$(TARGET_NAME)";
			};
			name = Release;
		};
/* End XCBuildConfiguration section */

/* Begin XCConfigurationList section */
		9D77D15A20DE658D00E0F3AC /* Build configuration list for PBXProject "SearchTests" */ = {
			isa = XCConfigurationList;
			buildConfigurations = (
				9D77D16420DE658E00E0F3AC /* Debug */,
				9D77D16520DE658E00E0F3AC /* Release */,
			);
			defaultConfigurationIsVisible = 0;
			defaultConfigurationName = Release;
		};
		9D77D16620DE658E00E0F3AC /* Build configuration list for PBXNativeTarget "SearchTests" */ = {
			isa = XCConfigurationList;
			buildConfigurations = (
				9D77D16720DE658E00E0F3AC /* Debug */,
				9D77D16820DE658E00E0F3AC /* Release */,
			);
			defaultConfigurationIsVisible = 0;
		};
/* End XCConfigurationList section */
	};
	rootObject = 9D77D15720DE658D00E0F3AC /* Project object */;
}
